
Microsoft Visual Studio Solution File, Format Version 12.00
# Visual Studio for Mac
Project("{FAE04EC0-301F-11D3-BF4B-00C04F79EFBC}") = "MyScriptAssembly", "MyScriptAssembly.csproj", "{0CF40D92-2705-C9D9-AD82-311F78160754}"
EndProject
Project("{FAE04EC0-301F-11D3-BF4B-00C04F79EFBC}") = "Tests", "Tests.csproj", "{FAC64246-31A4-A04B-DAA5-CF9A3D1865A3}"
EndProject
Global
	GlobalSection(SolutionConfigurationPlatforms) = preSolution
		Debug|Any CPU = Debug|Any CPU
		Release|Any CPU = Release|Any CPU
	EndGlobalSection
	GlobalSection(ProjectConfigurationPlatforms) = postSolution
		{0CF40D92-2705-C9D9-AD82-311F78160754}.Debug|Any CPU.ActiveCfg = Debug|Any CPU
		{0CF40D92-2705-C9D9-AD82-311F78160754}.Debug|Any CPU.Build.0 = Debug|Any CPU
		{0CF40D92-2705-C9D9-AD82-311F78160754}.Release|Any CPU.ActiveCfg = Release|Any CPU
		{0CF40D92-2705-C9D9-AD82-311F78160754}.Release|Any CPU.Build.0 = Release|Any CPU
		{FAC64246-31A4-A04B-DAA5-CF9A3D1865A3}.Debug|Any CPU.ActiveCfg = Debug|Any CPU
		{FAC64246-31A4-A04B-DAA5-CF9A3D1865A3}.Debug|Any CPU.Build.0 = Debug|Any CPU
		{FAC64246-31A4-A04B-DAA5-CF9A3D1865A3}.Release|Any CPU.ActiveCfg = Release|Any CPU
		{FAC64246-31A4-A04B-DAA5-CF9A3D1865A3}.Release|Any CPU.Build.0 = Release|Any CPU
	EndGlobalSection
	GlobalSection(SolutionProperties) = preSolution
		HideSolutionNode = FALSE
	EndGlobalSection
EndGlobal
